
Microsoft Visual Studio Solution File, Format Version 12.00
# Visual Studio Version 17
VisualStudioVersion = 17.0.31903.59
MinimumVisualStudioVersion = 10.0.40219.1
Project("{F2A71F9B-5D33-465A-A702-920D77279786}") = "Assembunny.Lib", "Assembunny.Lib\Assembunny.Lib.fsproj", "{DB13C1E4-326D-4BD4-923E-086F70781D11}"
EndProject
Project("{F2A71F9B-5D33-465A-A702-920D77279786}") = "Assembunny.Tests", "Assembunny.Tests\Assembunny.Tests.fsproj", "{879B9558-B330-4E85-ABB8-3F369C478466}"
EndProject
Project("{F2A71F9B-5D33-465A-A702-920D77279786}") = "Assembunny.Demo", "Assembunny.Demo\Assembunny.Demo.fsproj", "{5EE42114-6077-406C-AF0E-7C06FD064021}"
EndProject
Global
	GlobalSection(SolutionConfigurationPlatforms) = preSolution
		Debug|Any CPU = Debug|Any CPU
		Release|Any CPU = Release|Any CPU
	EndGlobalSection
	GlobalSection(SolutionProperties) = preSolution
		HideSolutionNode = FALSE
	EndGlobalSection
	GlobalSection(ProjectConfigurationPlatforms) = postSolution
		{DB13C1E4-326D-4BD4-923E-086F70781D11}.Debug|Any CPU.ActiveCfg = Debug|Any CPU
		{DB13C1E4-326D-4BD4-923E-086F70781D11}.Debug|Any CPU.Build.0 = Debug|Any CPU
		{DB13C1E4-326D-4BD4-923E-086F70781D11}.Release|Any CPU.ActiveCfg = Release|Any CPU
		{DB13C1E4-326D-4BD4-923E-086F70781D11}.Release|Any CPU.Build.0 = Release|Any CPU
		{879B9558-B330-4E85-ABB8-3F369C478466}.Debug|Any CPU.ActiveCfg = Debug|Any CPU
		{879B9558-B330-4E85-ABB8-3F369C478466}.Debug|Any CPU.Build.0 = Debug|Any CPU
		{879B9558-B330-4E85-ABB8-3F369C478466}.Release|Any CPU.ActiveCfg = Release|Any CPU
		{879B9558-B330-4E85-ABB8-3F369C478466}.Release|Any CPU.Build.0 = Release|Any CPU
		{5EE42114-6077-406C-AF0E-7C06FD064021}.Debug|Any CPU.ActiveCfg = Debug|Any CPU
		{5EE42114-6077-406C-AF0E-7C06FD064021}.Debug|Any CPU.Build.0 = Debug|Any CPU
		{5EE42114-6077-406C-AF0E-7C06FD064021}.Release|Any CPU.ActiveCfg = Release|Any CPU
		{5EE42114-6077-406C-AF0E-7C06FD064021}.Release|Any CPU.Build.0 = Release|Any CPU
	EndGlobalSection
EndGlobal
